
Microsoft Visual Studio Solution File, Format Version 12.00
# Visual Studio 15
VisualStudioVersion = 15.0.26124.0
MinimumVisualStudioVersion = 15.0.26124.0
Project("{FAE04EC0-301F-11D3-BF4B-00C04F79EFBC}") = "CsvImporter.Core", "CsvImporter.Core\CsvImporter.Core.csproj", "{831CD241-ABFD-4EF6-8A79-0584F55335D5}"
EndProject
Project("{FAE04EC0-301F-11D3-BF4B-00C04F79EFBC}") = "CsvImporter.Infraestructure", "CsvImporter.Infraestructure\CsvImporter.Infraestructure.csproj", "{26E9E13E-B415-45A1-8F01-C6738007BE26}"
EndProject
Project("{FAE04EC0-301F-11D3-BF4B-00C04F79EFBC}") = "CsvImporter.Tests", "CsvImporter.Tests\CsvImporter.Tests.csproj", "{3454063B-B56B-4E27-8CE3-BD9021994047}"
EndProject
Project("{FAE04EC0-301F-11D3-BF4B-00C04F79EFBC}") = "CsvImporter.Application", "CsvImporter.Application\CsvImporter.Application.csproj", "{D35A5F78-F7CA-475B-8CEB-5E6F0354A056}"
EndProject
Global
	GlobalSection(SolutionConfigurationPlatforms) = preSolution
		Debug|Any CPU = Debug|Any CPU
		Debug|x64 = Debug|x64
		Debug|x86 = Debug|x86
		Release|Any CPU = Release|Any CPU
		Release|x64 = Release|x64
		Release|x86 = Release|x86
	EndGlobalSection
	GlobalSection(SolutionProperties) = preSolution
		HideSolutionNode = FALSE
	EndGlobalSection
	GlobalSection(ProjectConfigurationPlatforms) = postSolution
		{831CD241-ABFD-4EF6-8A79-0584F55335D5}.Debug|Any CPU.ActiveCfg = Debug|Any CPU
		{831CD241-ABFD-4EF6-8A79-0584F55335D5}.Debug|Any CPU.Build.0 = Debug|Any CPU
		{831CD241-ABFD-4EF6-8A79-0584F55335D5}.Debug|x64.ActiveCfg = Debug|Any CPU
		{831CD241-ABFD-4EF6-8A79-0584F55335D5}.Debug|x64.Build.0 = Debug|Any CPU
		{831CD241-ABFD-4EF6-8A79-0584F55335D5}.Debug|x86.ActiveCfg = Debug|Any CPU
		{831CD241-ABFD-4EF6-8A79-0584F55335D5}.Debug|x86.Build.0 = Debug|Any CPU
		{831CD241-ABFD-4EF6-8A79-0584F55335D5}.Release|Any CPU.ActiveCfg = Release|Any CPU
		{831CD241-ABFD-4EF6-8A79-0584F55335D5}.Release|Any CPU.Build.0 = Release|Any CPU
		{831CD241-ABFD-4EF6-8A79-0584F55335D5}.Release|x64.ActiveCfg = Release|Any CPU
		{831CD241-ABFD-4EF6-8A79-0584F55335D5}.Release|x64.Build.0 = Release|Any CPU
		{831CD241-ABFD-4EF6-8A79-0584F55335D5}.Release|x86.ActiveCfg = Release|Any CPU
		{831CD241-ABFD-4EF6-8A79-0584F55335D5}.Release|x86.Build.0 = Release|Any CPU
		{26E9E13E-B415-45A1-8F01-C6738007BE26}.Debug|Any CPU.ActiveCfg = Debug|Any CPU
		{26E9E13E-B415-45A1-8F01-C6738007BE26}.Debug|Any CPU.Build.0 = Debug|Any CPU
		{26E9E13E-B415-45A1-8F01-C6738007BE26}.Debug|x64.ActiveCfg = Debug|Any CPU
		{26E9E13E-B415-45A1-8F01-C6738007BE26}.Debug|x64.Build.0 = Debug|Any CPU
		{26E9E13E-B415-45A1-8F01-C6738007BE26}.Debug|x86.ActiveCfg = Debug|Any CPU
		{26E9E13E-B415-45A1-8F01-C6738007BE26}.Debug|x86.Build.0 = Debug|Any CPU
		{26E9E13E-B415-45A1-8F01-C6738007BE26}.Release|Any CPU.ActiveCfg = Release|Any CPU
		{26E9E13E-B415-45A1-8F01-C6738007BE26}.Release|Any CPU.Build.0 = Release|Any CPU
		{26E9E13E-B415-45A1-8F01-C6738007BE26}.Release|x64.ActiveCfg = Release|Any CPU
		{26E9E13E-B415-45A1-8F01-C6738007BE26}.Release|x64.Build.0 = Release|Any CPU
		{26E9E13E-B415-45A1-8F01-C6738007BE26}.Release|x86.ActiveCfg = Release|Any CPU
		{26E9E13E-B415-45A1-8F01-C6738007BE26}.Release|x86.Build.0 = Release|Any CPU
		{3454063B-B56B-4E27-8CE3-BD9021994047}.Debug|Any CPU.ActiveCfg = Debug|Any CPU
		{3454063B-B56B-4E27-8CE3-BD9021994047}.Debug|Any CPU.Build.0 = Debug|Any CPU
		{3454063B-B56B-4E27-8CE3-BD9021994047}.Debug|x64.ActiveCfg = Debug|Any CPU
		{3454063B-B56B-4E27-8CE3-BD9021994047}.Debug|x64.Build.0 = Debug|Any CPU
		{3454063B-B56B-4E27-8CE3-BD9021994047}.Debug|x86.ActiveCfg = Debug|Any CPU
		{3454063B-B56B-4E27-8CE3-BD9021994047}.Debug|x86.Build.0 = Debug|Any CPU
		{3454063B-B56B-4E27-8CE3-BD9021994047}.Release|Any CPU.ActiveCfg = Release|Any CPU
		{3454063B-B56B-4E27-8CE3-BD9021994047}.Release|Any CPU.Build.0 = Release|Any CPU
		{3454063B-B56B-4E27-8CE3-BD9021994047}.Release|x64.ActiveCfg = Release|Any CPU
		{3454063B-B56B-4E27-8CE3-BD9021994047}.Release|x64.Build.0 = Release|Any CPU
		{3454063B-B56B-4E27-8CE3-BD9021994047}.Release|x86.ActiveCfg = Release|Any CPU
		{3454063B-B56B-4E27-8CE3-BD9021994047}.Release|x86.Build.0 = Release|Any CPU
		{D35A5F78-F7CA-475B-8CEB-5E6F0354A056}.Debug|Any CPU.ActiveCfg = Debug|Any CPU
		{D35A5F78-F7CA-475B-8CEB-5E6F0354A056}.Debug|Any CPU.Build.0 = Debug|Any CPU
		{D35A5F78-F7CA-475B-8CEB-5E6F0354A056}.Debug|x64.ActiveCfg = Debug|Any CPU
		{D35A5F78-F7CA-475B-8CEB-5E6F0354A056}.Debug|x64.Build.0 = Debug|Any CPU
		{D35A5F78-F7CA-475B-8CEB-5E6F0354A056}.Debug|x86.ActiveCfg = Debug|Any CPU
		{D35A5F78-F7CA-475B-8CEB-5E6F0354A056}.Debug|x86.Build.0 = Debug|Any CPU
		{D35A5F78-F7CA-475B-8CEB-5E6F0354A056}.Release|Any CPU.ActiveCfg = Release|Any CPU
		{D35A5F78-F7CA-475B-8CEB-5E6F0354A056}.Release|Any CPU.Build.0 = Release|Any CPU
		{D35A5F78-F7CA-475B-8CEB-5E6F0354A056}.Release|x64.ActiveCfg = Release|Any CPU
		{D35A5F78-F7CA-475B-8CEB-5E6F0354A056}.Release|x64.Build.0 = Release|Any CPU
		{D35A5F78-F7CA-475B-8CEB-5E6F0354A056}.Release|x86.ActiveCfg = Release|Any CPU
		{D35A5F78-F7CA-475B-8CEB-5E6F0354A056}.Release|x86.Build.0 = Release|Any CPU
	EndGlobalSection
EndGlobal
